
Microsoft Visual Studio Solution File, Format Version 9.00
# Visual Studio 2005
Project("{FAE04EC0-301F-11D3-BF4B-00C04F79EFBC}") = "QQn.TurtleUtils", "Libraries\QQn.TurtleUtils\QQn.TurtleUtils.csproj", "{BB47C9BD-2E01-4EEC-9128-BDDCF80300B1}"
	ProjectSection(WebsiteProperties) = preProject
		Debug.AspNetCompiler.Debug = "True"
		Release.AspNetCompiler.Debug = "False"
	EndProjectSection
EndProject
Project("{FAE04EC0-301F-11D3-BF4B-00C04F79EFBC}") = "QQn.TurtleMSBuild", "Products\QQn.TurtleMSBuild\QQn.TurtleMSBuild.csproj", "{15BEEA8C-9ADB-40C7-AF5A-C1A0AD0CDD5F}"
	ProjectSection(WebsiteProperties) = preProject
		Debug.AspNetCompiler.Debug = "True"
		Release.AspNetCompiler.Debug = "False"
	EndProjectSection
EndProject
Project("{FAE04EC0-301F-11D3-BF4B-00C04F79EFBC}") = "QQn.TurtlePackage", "Libraries\QQn.TurtlePackage\QQn.TurtlePackage.csproj", "{D5E2380F-F59B-4C52-83A3-4CF08FFCC111}"
	ProjectSection(WebsiteProperties) = preProject
		Debug.AspNetCompiler.Debug = "True"
		Release.AspNetCompiler.Debug = "False"
	EndProjectSection
EndProject
Project("{FAE04EC0-301F-11D3-BF4B-00C04F79EFBC}") = "TurtleBuild.Tests", "Projects\TurtleBuild.Tests\TurtleBuild.Tests.csproj", "{CBEA4FC8-3263-41B2-BDEC-C72E3D53463F}"
	ProjectSection(WebsiteProperties) = preProject
		Debug.AspNetCompiler.Debug = "True"
		Release.AspNetCompiler.Debug = "False"
	EndProjectSection
	ProjectSection(ProjectDependencies) = postProject
		{15BEEA8C-9ADB-40C7-AF5A-C1A0AD0CDD5F} = {15BEEA8C-9ADB-40C7-AF5A-C1A0AD0CDD5F}
	EndProjectSection
EndProject
Project("{FAE04EC0-301F-11D3-BF4B-00C04F79EFBC}") = "QQn.TurtleMSBuild.Distributed", "Products\QQn.TurtleMSBuild.Distributed\QQn.TurtleMSBuild.Distributed.csproj", "{DC7915B6-6411-4628-A498-929003ED76BA}"
	ProjectSection(WebsiteProperties) = preProject
		Debug.AspNetCompiler.Debug = "True"
		Release.AspNetCompiler.Debug = "False"
	EndProjectSection
EndProject
Project("{FAE04EC0-301F-11D3-BF4B-00C04F79EFBC}") = "QQn.TurtleBuildUtils", "Libraries\QQn.TurtleBuildUtils\QQn.TurtleBuildUtils.csproj", "{4FB6CAEF-DEF4-46FA-A118-DB35B373C397}"
	ProjectSection(WebsiteProperties) = preProject
		Debug.AspNetCompiler.Debug = "True"
		Release.AspNetCompiler.Debug = "False"
	EndProjectSection
EndProject
Project("{2150E333-8FDC-42A3-9474-1A3956D46DE8}") = "Solution Items", "Solution Items", "{12A65F62-8C26-445E-B669-26B504468B5F}"
	ProjectSection(WebsiteProperties) = preProject
		Debug.AspNetCompiler.Debug = "True"
		Release.AspNetCompiler.Debug = "False"
	EndProjectSection
	ProjectSection(SolutionItems) = preProject
		TurtleBuild.fxcop = TurtleBuild.fxcop
	EndProjectSection
	ProjectSection(FolderStartupServices) = postProject
		{B4F97281-0DBD-4835-9ED8-7DFB966E87FF} = {B4F97281-0DBD-4835-9ED8-7DFB966E87FF}
	EndProjectSection
EndProject
Project("{FAE04EC0-301F-11D3-BF4B-00C04F79EFBC}") = "QQn.ReportViewer.Tasks", "Products\QQn.ReportViewer.Tasks\QQn.ReportViewer.Tasks.csproj", "{CA98E5E6-285E-48D2-BB1D-1FC1A5547122}"
	ProjectSection(WebsiteProperties) = preProject
		Debug.AspNetCompiler.Debug = "True"
		Release.AspNetCompiler.Debug = "False"
	EndProjectSection
EndProject
Project("{FAE04EC0-301F-11D3-BF4B-00C04F79EFBC}") = "QQn.TurtlePackager.Engine", "Libraries\QQn.TurtlePackager.Engine\QQn.TurtlePackager.Engine.csproj", "{7FC8BBB3-A09B-4192-B8E4-4ACD61F42F6E}"
	ProjectSection(WebsiteProperties) = preProject
		Debug.AspNetCompiler.Debug = "True"
		Release.AspNetCompiler.Debug = "False"
	EndProjectSection
EndProject
Global
	GlobalSection(TextTemplating) = postSolution
		TextTemplating = 1
	EndGlobalSection
	GlobalSection(SolutionConfigurationPlatforms) = preSolution
		Debug|Any CPU = Debug|Any CPU
		Release|Any CPU = Release|Any CPU
	EndGlobalSection
	GlobalSection(ProjectConfigurationPlatforms) = postSolution
		{BB47C9BD-2E01-4EEC-9128-BDDCF80300B1}.Debug|Any CPU.ActiveCfg = Debug|Any CPU
		{BB47C9BD-2E01-4EEC-9128-BDDCF80300B1}.Debug|Any CPU.Build.0 = Debug|Any CPU
		{BB47C9BD-2E01-4EEC-9128-BDDCF80300B1}.Release|Any CPU.ActiveCfg = Release|Any CPU
		{BB47C9BD-2E01-4EEC-9128-BDDCF80300B1}.Release|Any CPU.Build.0 = Release|Any CPU
		{15BEEA8C-9ADB-40C7-AF5A-C1A0AD0CDD5F}.Debug|Any CPU.ActiveCfg = Debug|Any CPU
		{15BEEA8C-9ADB-40C7-AF5A-C1A0AD0CDD5F}.Debug|Any CPU.Build.0 = Debug|Any CPU
		{15BEEA8C-9ADB-40C7-AF5A-C1A0AD0CDD5F}.Release|Any CPU.ActiveCfg = Release|Any CPU
		{15BEEA8C-9ADB-40C7-AF5A-C1A0AD0CDD5F}.Release|Any CPU.Build.0 = Release|Any CPU
		{D5E2380F-F59B-4C52-83A3-4CF08FFCC111}.Debug|Any CPU.ActiveCfg = Debug|Any CPU
		{D5E2380F-F59B-4C52-83A3-4CF08FFCC111}.Debug|Any CPU.Build.0 = Debug|Any CPU
		{D5E2380F-F59B-4C52-83A3-4CF08FFCC111}.Release|Any CPU.ActiveCfg = Release|Any CPU
		{D5E2380F-F59B-4C52-83A3-4CF08FFCC111}.Release|Any CPU.Build.0 = Release|Any CPU
		{CBEA4FC8-3263-41B2-BDEC-C72E3D53463F}.Debug|Any CPU.ActiveCfg = Debug|Any CPU
		{CBEA4FC8-3263-41B2-BDEC-C72E3D53463F}.Debug|Any CPU.Build.0 = Debug|Any CPU
		{CBEA4FC8-3263-41B2-BDEC-C72E3D53463F}.Release|Any CPU.ActiveCfg = Release|Any CPU
		{CBEA4FC8-3263-41B2-BDEC-C72E3D53463F}.Release|Any CPU.Build.0 = Release|Any CPU
		{DC7915B6-6411-4628-A498-929003ED76BA}.Debug|Any CPU.ActiveCfg = Debug|Any CPU
		{DC7915B6-6411-4628-A498-929003ED76BA}.Release|Any CPU.ActiveCfg = Release|Any CPU
		{4FB6CAEF-DEF4-46FA-A118-DB35B373C397}.Debug|Any CPU.ActiveCfg = Debug|Any CPU
		{4FB6CAEF-DEF4-46FA-A118-DB35B373C397}.Debug|Any CPU.Build.0 = Debug|Any CPU
		{4FB6CAEF-DEF4-46FA-A118-DB35B373C397}.Release|Any CPU.ActiveCfg = Release|Any CPU
		{4FB6CAEF-DEF4-46FA-A118-DB35B373C397}.Release|Any CPU.Build.0 = Release|Any CPU
		{CA98E5E6-285E-48D2-BB1D-1FC1A5547122}.Debug|Any CPU.ActiveCfg = Debug|Any CPU
		{CA98E5E6-285E-48D2-BB1D-1FC1A5547122}.Debug|Any CPU.Build.0 = Debug|Any CPU
		{CA98E5E6-285E-48D2-BB1D-1FC1A5547122}.Release|Any CPU.ActiveCfg = Release|Any CPU
		{CA98E5E6-285E-48D2-BB1D-1FC1A5547122}.Release|Any CPU.Build.0 = Release|Any CPU
		{7FC8BBB3-A09B-4192-B8E4-4ACD61F42F6E}.Debug|Any CPU.ActiveCfg = Debug|Any CPU
		{7FC8BBB3-A09B-4192-B8E4-4ACD61F42F6E}.Debug|Any CPU.Build.0 = Debug|Any CPU
		{7FC8BBB3-A09B-4192-B8E4-4ACD61F42F6E}.Release|Any CPU.ActiveCfg = Release|Any CPU
		{7FC8BBB3-A09B-4192-B8E4-4ACD61F42F6E}.Release|Any CPU.Build.0 = Release|Any CPU
	EndGlobalSection
	GlobalSection(SolutionProperties) = preSolution
		HideSolutionNode = FALSE
	EndGlobalSection
EndGlobal
